
Microsoft Visual Studio Solution File, Format Version 12.00
# Visual Studio Version 16
VisualStudioVersion = 16.0.30002.166
MinimumVisualStudioVersion = 10.0.40219.1
Project("{9A19103F-16F7-4668-BE54-9A1E7A4F7556}") = "otmc", "otmc\otmc.csproj", "{BBD1B272-ACB9-4658-B13B-AE7FB35ECF1A}"
EndProject
Project("{9A19103F-16F7-4668-BE54-9A1E7A4F7556}") = "MonsterConverterInterface", "MonsterConverterInterface\MonsterConverterInterface.csproj", "{DCE6644C-1244-4870-8C14-A9FB84278053}"
EndProject
Project("{9A19103F-16F7-4668-BE54-9A1E7A4F7556}") = "MonsterConverterPyOt", "MonsterConverterPyOt\MonsterConverterPyOt.csproj", "{C9E453D0-44C9-4C5B-993B-0674B0D59BFC}"
EndProject
Project("{9A19103F-16F7-4668-BE54-9A1E7A4F7556}") = "MonsterConverterTfsRevScriptSys", "MonsterConverterTfsRevScriptSys\MonsterConverterTfsRevScriptSys.csproj", "{06DEE9D3-54E6-4A93-AEB3-8BF550C139B5}"
EndProject
Project("{9A19103F-16F7-4668-BE54-9A1E7A4F7556}") = "MonsterConverterTfsXml", "MonsterConverterTfsXml\MonsterConverterTfsXml.csproj", "{C2FF670C-BBF9-41AA-9613-30FDC5986191}"
EndProject
Project("{9A19103F-16F7-4668-BE54-9A1E7A4F7556}") = "MonsterConverterTibiaWiki", "MonsterConverterTibiaWiki\MonsterConverterTibiaWiki.csproj", "{804873AF-3756-427F-A3C8-4565063AB039}"
EndProject
Project("{9A19103F-16F7-4668-BE54-9A1E7A4F7556}") = "OTMonsterConverter", "OTMonsterConverter\OTMonsterConverter.csproj", "{9228A478-89C4-4277-AC0D-79B22D73B52B}"
EndProject
Project("{9A19103F-16F7-4668-BE54-9A1E7A4F7556}") = "MonsterConverterProcessor", "MonsterConverterProcessor\MonsterConverterProcessor.csproj", "{D1055769-6ED5-4860-9AA9-904395698A89}"
EndProject
Project("{9A19103F-16F7-4668-BE54-9A1E7A4F7556}") = "MonsterConverterCipMon", "MonsterConverterCipMon\MonsterConverterCipMon.csproj", "{BFFA95C9-04F4-44A9-A4D4-7E160F09F73E}"
EndProject
Project("{FAE04EC0-301F-11D3-BF4B-00C04F79EFBC}") = "OTLib", "OTLib\OTLib.csproj", "{91A3AC64-A7CC-4E85-914C-187D49A551DF}"
EndProject
Global
	GlobalSection(SolutionConfigurationPlatforms) = preSolution
		Debug|Any CPU = Debug|Any CPU
		Release|Any CPU = Release|Any CPU
	EndGlobalSection
	GlobalSection(ProjectConfigurationPlatforms) = postSolution
		{BBD1B272-ACB9-4658-B13B-AE7FB35ECF1A}.Debug|Any CPU.ActiveCfg = Debug|Any CPU
		{BBD1B272-ACB9-4658-B13B-AE7FB35ECF1A}.Debug|Any CPU.Build.0 = Debug|Any CPU
		{BBD1B272-ACB9-4658-B13B-AE7FB35ECF1A}.Release|Any CPU.ActiveCfg = Release|Any CPU
		{BBD1B272-ACB9-4658-B13B-AE7FB35ECF1A}.Release|Any CPU.Build.0 = Release|Any CPU
		{DCE6644C-1244-4870-8C14-A9FB84278053}.Debug|Any CPU.ActiveCfg = Debug|Any CPU
		{DCE6644C-1244-4870-8C14-A9FB84278053}.Debug|Any CPU.Build.0 = Debug|Any CPU
		{DCE6644C-1244-4870-8C14-A9FB84278053}.Release|Any CPU.ActiveCfg = Release|Any CPU
		{DCE6644C-1244-4870-8C14-A9FB84278053}.Release|Any CPU.Build.0 = Release|Any CPU
		{C9E453D0-44C9-4C5B-993B-0674B0D59BFC}.Debug|Any CPU.ActiveCfg = Debug|Any CPU
		{C9E453D0-44C9-4C5B-993B-0674B0D59BFC}.Debug|Any CPU.Build.0 = Debug|Any CPU
		{C9E453D0-44C9-4C5B-993B-0674B0D59BFC}.Release|Any CPU.ActiveCfg = Release|Any CPU
		{C9E453D0-44C9-4C5B-993B-0674B0D59BFC}.Release|Any CPU.Build.0 = Release|Any CPU
		{06DEE9D3-54E6-4A93-AEB3-8BF550C139B5}.Debug|Any CPU.ActiveCfg = Debug|Any CPU
		{06DEE9D3-54E6-4A93-AEB3-8BF550C139B5}.Debug|Any CPU.Build.0 = Debug|Any CPU
		{06DEE9D3-54E6-4A93-AEB3-8BF550C139B5}.Release|Any CPU.ActiveCfg = Release|Any CPU
		{06DEE9D3-54E6-4A93-AEB3-8BF550C139B5}.Release|Any CPU.Build.0 = Release|Any CPU
		{C2FF670C-BBF9-41AA-9613-30FDC5986191}.Debug|Any CPU.ActiveCfg = Debug|Any CPU
		{C2FF670C-BBF9-41AA-9613-30FDC5986191}.Debug|Any CPU.Build.0 = Debug|Any CPU
		{C2FF670C-BBF9-41AA-9613-30FDC5986191}.Release|Any CPU.ActiveCfg = Release|Any CPU
		{C2FF670C-BBF9-41AA-9613-30FDC5986191}.Release|Any CPU.Build.0 = Release|Any CPU
		{804873AF-3756-427F-A3C8-4565063AB039}.Debug|Any CPU.ActiveCfg = Debug|Any CPU
		{804873AF-3756-427F-A3C8-4565063AB039}.Debug|Any CPU.Build.0 = Debug|Any CPU
		{804873AF-3756-427F-A3C8-4565063AB039}.Release|Any CPU.ActiveCfg = Release|Any CPU
		{804873AF-3756-427F-A3C8-4565063AB039}.Release|Any CPU.Build.0 = Release|Any CPU
		{9228A478-89C4-4277-AC0D-79B22D73B52B}.Debug|Any CPU.ActiveCfg = Debug|Any CPU
		{9228A478-89C4-4277-AC0D-79B22D73B52B}.Debug|Any CPU.Build.0 = Debug|Any CPU
		{9228A478-89C4-4277-AC0D-79B22D73B52B}.Release|Any CPU.ActiveCfg = Release|Any CPU
		{9228A478-89C4-4277-AC0D-79B22D73B52B}.Release|Any CPU.Build.0 = Release|Any CPU
		{D1055769-6ED5-4860-9AA9-904395698A89}.Debug|Any CPU.ActiveCfg = Debug|Any CPU
		{D1055769-6ED5-4860-9AA9-904395698A89}.Debug|Any CPU.Build.0 = Debug|Any CPU
		{D1055769-6ED5-4860-9AA9-904395698A89}.Release|Any CPU.ActiveCfg = Release|Any CPU
		{D1055769-6ED5-4860-9AA9-904395698A89}.Release|Any CPU.Build.0 = Release|Any CPU
		{BFFA95C9-04F4-44A9-A4D4-7E160F09F73E}.Debug|Any CPU.ActiveCfg = Debug|Any CPU
		{BFFA95C9-04F4-44A9-A4D4-7E160F09F73E}.Debug|Any CPU.Build.0 = Debug|Any CPU
		{BFFA95C9-04F4-44A9-A4D4-7E160F09F73E}.Release|Any CPU.ActiveCfg = Release|Any CPU
		{BFFA95C9-04F4-44A9-A4D4-7E160F09F73E}.Release|Any CPU.Build.0 = Release|Any CPU
		{91A3AC64-A7CC-4E85-914C-187D49A551DF}.Debug|Any CPU.ActiveCfg = Debug|Any CPU
		{91A3AC64-A7CC-4E85-914C-187D49A551DF}.Debug|Any CPU.Build.0 = Debug|Any CPU
		{91A3AC64-A7CC-4E85-914C-187D49A551DF}.Release|Any CPU.ActiveCfg = Release|Any CPU
		{91A3AC64-A7CC-4E85-914C-187D49A551DF}.Release|Any CPU.Build.0 = Release|Any CPU
	EndGlobalSection
	GlobalSection(SolutionProperties) = preSolution
		HideSolutionNode = FALSE
	EndGlobalSection
	GlobalSection(ExtensibilityGlobals) = postSolution
		SolutionGuid = {60E82F53-8F7A-42AC-8894-89C5CD6953AE}
	EndGlobalSection
EndGlobal
